
Microsoft Visual Studio Solution File, Format Version 12.00
# Visual Studio 15
VisualStudioVersion = 15.0.27703.2042
MinimumVisualStudioVersion = 10.0.40219.1
Project("{FAE04EC0-301F-11D3-BF4B-00C04F79EFBC}") = "PizzaSite", "PizzaSite\PizzaSite.csproj", "{A4F5AC88-DC31-4ABC-A217-0D601BC701B9}"
EndProject
Project("{FAE04EC0-301F-11D3-BF4B-00C04F79EFBC}") = "PizzaSite.Tests", "PizzaSite.Tests\PizzaSite.Tests.csproj", "{95DDC7E4-121F-4637-9458-3DA3AA0E2D0E}"
EndProject
Project("{FAE04EC0-301F-11D3-BF4B-00C04F79EFBC}") = "PizzaSite.DTO", "PizzaSite.DTO\PizzaSite.DTO.csproj", "{662E3EC8-CC06-4FE6-BCD9-3BBB2FCF4599}"
EndProject
Project("{FAE04EC0-301F-11D3-BF4B-00C04F79EFBC}") = "PizzaSite.Domain", "PizzaSite.Domain\PizzaSite.Domain.csproj", "{D826FE6F-181A-4A22-8514-AF53CAFE94F5}"
EndProject
Project("{FAE04EC0-301F-11D3-BF4B-00C04F79EFBC}") = "PizzaSite.Persistence", "PizzaSite.Persistence\PizzaSite.Persistence.csproj", "{64D2B8B9-1157-496D-9421-5917623FFC2E}"
EndProject
Global
	GlobalSection(SolutionConfigurationPlatforms) = preSolution
		Debug|Any CPU = Debug|Any CPU
		Release|Any CPU = Release|Any CPU
	EndGlobalSection
	GlobalSection(ProjectConfigurationPlatforms) = postSolution
		{A4F5AC88-DC31-4ABC-A217-0D601BC701B9}.Debug|Any CPU.ActiveCfg = Debug|Any CPU
		{A4F5AC88-DC31-4ABC-A217-0D601BC701B9}.Debug|Any CPU.Build.0 = Debug|Any CPU
		{A4F5AC88-DC31-4ABC-A217-0D601BC701B9}.Release|Any CPU.ActiveCfg = Release|Any CPU
		{A4F5AC88-DC31-4ABC-A217-0D601BC701B9}.Release|Any CPU.Build.0 = Release|Any CPU
		{95DDC7E4-121F-4637-9458-3DA3AA0E2D0E}.Debug|Any CPU.ActiveCfg = Debug|Any CPU
		{95DDC7E4-121F-4637-9458-3DA3AA0E2D0E}.Debug|Any CPU.Build.0 = Debug|Any CPU
		{95DDC7E4-121F-4637-9458-3DA3AA0E2D0E}.Release|Any CPU.ActiveCfg = Release|Any CPU
		{95DDC7E4-121F-4637-9458-3DA3AA0E2D0E}.Release|Any CPU.Build.0 = Release|Any CPU
		{662E3EC8-CC06-4FE6-BCD9-3BBB2FCF4599}.Debug|Any CPU.ActiveCfg = Debug|Any CPU
		{662E3EC8-CC06-4FE6-BCD9-3BBB2FCF4599}.Debug|Any CPU.Build.0 = Debug|Any CPU
		{662E3EC8-CC06-4FE6-BCD9-3BBB2FCF4599}.Release|Any CPU.ActiveCfg = Release|Any CPU
		{662E3EC8-CC06-4FE6-BCD9-3BBB2FCF4599}.Release|Any CPU.Build.0 = Release|Any CPU
		{D826FE6F-181A-4A22-8514-AF53CAFE94F5}.Debug|Any CPU.ActiveCfg = Debug|Any CPU
		{D826FE6F-181A-4A22-8514-AF53CAFE94F5}.Debug|Any CPU.Build.0 = Debug|Any CPU
		{D826FE6F-181A-4A22-8514-AF53CAFE94F5}.Release|Any CPU.ActiveCfg = Release|Any CPU
		{D826FE6F-181A-4A22-8514-AF53CAFE94F5}.Release|Any CPU.Build.0 = Release|Any CPU
		{64D2B8B9-1157-496D-9421-5917623FFC2E}.Debug|Any CPU.ActiveCfg = Debug|Any CPU
		{64D2B8B9-1157-496D-9421-5917623FFC2E}.Debug|Any CPU.Build.0 = Debug|Any CPU
		{64D2B8B9-1157-496D-9421-5917623FFC2E}.Release|Any CPU.ActiveCfg = Release|Any CPU
		{64D2B8B9-1157-496D-9421-5917623FFC2E}.Release|Any CPU.Build.0 = Release|Any CPU
	EndGlobalSection
	GlobalSection(SolutionProperties) = preSolution
		HideSolutionNode = FALSE
	EndGlobalSection
	GlobalSection(ExtensibilityGlobals) = postSolution
		SolutionGuid = {F5A6DC12-0DA0-45F8-B437-1021A421D9E0}
	EndGlobalSection
EndGlobal
